
Microsoft Visual Studio Solution File, Format Version 12.00
# Visual Studio Version 16
VisualStudioVersion = 16.0.28729.10
MinimumVisualStudioVersion = 10.0.40219.1
Project("{FAE04EC0-301F-11D3-BF4B-00C04F79EFBC}") = "Enemigo", "Enemigo\Enemigo.csproj", "{83F7FFA0-6D5A-4799-994D-555255BE4AA8}"
EndProject
Global
	GlobalSection(SolutionConfigurationPlatforms) = preSolution
		Debug|Any CPU = Debug|Any CPU
		Release|Any CPU = Release|Any CPU
	EndGlobalSection
	GlobalSection(ProjectConfigurationPlatforms) = postSolution
		{83F7FFA0-6D5A-4799-994D-555255BE4AA8}.Debug|Any CPU.ActiveCfg = Debug|Any CPU
		{83F7FFA0-6D5A-4799-994D-555255BE4AA8}.Debug|Any CPU.Build.0 = Debug|Any CPU
		{83F7FFA0-6D5A-4799-994D-555255BE4AA8}.Release|Any CPU.ActiveCfg = Release|Any CPU
		{83F7FFA0-6D5A-4799-994D-555255BE4AA8}.Release|Any CPU.Build.0 = Release|Any CPU
	EndGlobalSection
	GlobalSection(SolutionProperties) = preSolution
		HideSolutionNode = FALSE
	EndGlobalSection
	GlobalSection(ExtensibilityGlobals) = postSolution
		SolutionGuid = {C75AE022-9B03-4B2C-A1D3-98D1D18E8EC9}
	EndGlobalSection
EndGlobal
